// !$*UTF8*$!
{
	archiveVersion = 1;
	classes = {
	};
	objectVersion = 55;
	objects = {

/* Begin PBXBuildFile section */
		15A99AAE2817374C00BED189 /* main.cpp in Sources */ = {isa = PBXBuildFile; fileRef = 15A99AAD2817374C00BED189 /* main.cpp */; };
		15A99AB52817424600BED189 /* Ship_C.cpp in Sources */ = {isa = PBXBuildFile; fileRef = 15A99AB42817424600BED189 /* Ship_C.cpp */; };
		15A99AB92817426100BED189 /* CruiseShip_C.cpp in Sources */ = {isa = PBXBuildFile; fileRef = 15A99AB82817426100BED189 /* CruiseShip_C.cpp */; };
		15A99ABC2817427100BED189 /* Yacht_C.cpp in Sources */ = {isa = PBXBuildFile; fileRef = 15A99ABB2817427100BED189 /* Yacht_C.cpp */; };
/* End PBXBuildFile section */

/* Begin PBXCopyFilesBuildPhase section */
		15A99AA82817374C00BED189 /* CopyFiles */ = {
			isa = PBXCopyFilesBuildPhase;
			buildActionMask = 2147483647;
			dstPath = /usr/share/man/man1/;
			dstSubfolderSpec = 0;
			files = (
			);
			runOnlyForDeploymentPostprocessing = 1;
		};
/* End PBXCopyFilesBuildPhase section */

/* Begin PBXFileReference section */
		15A99AAA2817374C00BED189 /* Inheritence */ = {isa = PBXFileReference; explicitFileType = "compiled.mach-o.executable"; includeInIndex = 0; path = Inheritence; sourceTree = BUILT_PRODUCTS_DIR; };
		15A99AAD2817374C00BED189 /* main.cpp */ = {isa = PBXFileReference; lastKnownFileType = sourcecode.cpp.cpp; path = main.cpp; sourceTree = "<group>"; };
		15A99AB42817424600BED189 /* Ship_C.cpp */ = {isa = PBXFileReference; fileEncoding = 4; lastKnownFileType = sourcecode.cpp.cpp; path = Ship_C.cpp; sourceTree = "<group>"; };
		15A99AB62817425100BED189 /* Ship_C.hpp */ = {isa = PBXFileReference; lastKnownFileType = sourcecode.cpp.h; path = Ship_C.hpp; sourceTree = "<group>"; };
		15A99AB72817425900BED189 /* CruiseShip_C.hpp */ = {isa = PBXFileReference; lastKnownFileType = sourcecode.cpp.h; path = CruiseShip_C.hpp; sourceTree = "<group>"; };
		15A99AB82817426100BED189 /* CruiseShip_C.cpp */ = {isa = PBXFileReference; fileEncoding = 4; lastKnownFileType = sourcecode.cpp.cpp; path = CruiseShip_C.cpp; sourceTree = "<group>"; };
		15A99ABA2817426600BED189 /* Yacht_C.hpp */ = {isa = PBXFileReference; lastKnownFileType = sourcecode.cpp.h; path = Yacht_C.hpp; sourceTree = "<group>"; };
		15A99ABB2817427100BED189 /* Yacht_C.cpp */ = {isa = PBXFileReference; fileEncoding = 4; lastKnownFileType = sourcecode.cpp.cpp; path = Yacht_C.cpp; sourceTree = "<group>"; };
/* End PBXFileReference section */

/* Begin PBXFrameworksBuildPhase section */
		15A99AA72817374C00BED189 /* Frameworks */ = {
			isa = PBXFrameworksBuildPhase;
			buildActionMask = 2147483647;
			files = (
			);
			runOnlyForDeploymentPostprocessing = 0;
		};
/* End PBXFrameworksBuildPhase section */

/* Begin PBXGroup section */
		15A99AA12817374C00BED189 = {
			isa = PBXGroup;
			children = (
				15A99AAC2817374C00BED189 /* Inheritence */,
				15A99AAB2817374C00BED189 /* Products */,
			);
			sourceTree = "<group>";
		};
		15A99AAB2817374C00BED189 /* Products */ = {
			isa = PBXGroup;
			children = (
				15A99AAA2817374C00BED189 /* Inheritence */,
			);
			name = Products;
			sourceTree = "<group>";
		};
		15A99AAC2817374C00BED189 /* Inheritence */ = {
			isa = PBXGroup;
			children = (
				15A99AAD2817374C00BED189 /* main.cpp */,
				15A99AB42817424600BED189 /* Ship_C.cpp */,
				15A99AB62817425100BED189 /* Ship_C.hpp */,
				15A99AB72817425900BED189 /* CruiseShip_C.hpp */,
				15A99AB82817426100BED189 /* CruiseShip_C.cpp */,
				15A99ABA2817426600BED189 /* Yacht_C.hpp */,
				15A99ABB2817427100BED189 /* Yacht_C.cpp */,
			);
			path = Inheritence;
			sourceTree = "<group>";
		};
/* End PBXGroup section */

/* Begin PBXNativeTarget section */
		15A99AA92817374C00BED189 /* Inheritence */ = {
			isa = PBXNativeTarget;
			buildConfigurationList = 15A99AB12817374C00BED189 /* Build configuration list for PBXNativeTarget "Inheritence" */;
			buildPhases = (
				15A99AA62817374C00BED189 /* Sources */,
				15A99AA72817374C00BED189 /* Frameworks */,
				15A99AA82817374C00BED189 /* CopyFiles */,
			);
			buildRules = (
			);
			dependencies = (
			);
			name = Inheritence;
			productName = Inheritence;
			productReference = 15A99AAA2817374C00BED189 /* Inheritence */;
			productType = "com.apple.product-type.tool";
		};
/* End PBXNativeTarget section */

/* Begin PBXProject section */
		15A99AA22817374C00BED189 /* Project object */ = {
			isa = PBXProject;
			attributes = {
				BuildIndependentTargetsInParallel = 1;
				LastUpgradeCheck = 1310;
				TargetAttributes = {
					15A99AA92817374C00BED189 = {
						CreatedOnToolsVersion = 13.1;
					};
				};
			};
			buildConfigurationList = 15A99AA52817374C00BED189 /* Build configuration list for PBXProject "Inheritence" */;
			compatibilityVersion = "Xcode 13.0";
			developmentRegion = en;
			hasScannedForEncodings = 0;
			knownRegions = (
				en,
				Base,
			);
			mainGroup = 15A99AA12817374C00BED189;
			productRefGroup = 15A99AAB2817374C00BED189 /* Products */;
			projectDirPath = "";
			projectRoot = "";
			targets = (
				15A99AA92817374C00BED189 /* Inheritence */,
			);
		};
/* End PBXProject section */

/* Begin PBXSourcesBuildPhase section */
		15A99AA62817374C00BED189 /* Sources */ = {
			isa = PBXSourcesBuildPhase;
			buildActionMask = 2147483647;
			files = (
				15A99AAE2817374C00BED189 /* main.cpp in Sources */,
				15A99AB92817426100BED189 /* CruiseShip_C.cpp in Sources */,
				15A99AB52817424600BED189 /* Ship_C.cpp in Sources */,
				15A99ABC2817427100BED189 /* Yacht_C.cpp in Sources */,
			);
			runOnlyForDeploymentPostprocessing = 0;
		};
/* End PBXSourcesBuildPhase section */

/* Begin XCBuildConfiguration section */
		15A99AAF2817374C00BED189 /* Debug */ = {
			isa = XCBuildConfiguration;
			buildSettings = {
				ALWAYS_SEARCH_USER_PATHS = NO;
				CLANG_ANALYZER_NONNULL = YES;
				CLANG_ANALYZER_NUMBER_OBJECT_CONVERSION = YES_AGGRESSIVE;
				CLANG_CXX_LANGUAGE_STANDARD = "gnu++17";
				CLANG_CXX_LIBRARY = "libc++";
				CLANG_ENABLE_MODULES = YES;
				CLANG_ENABLE_OBJC_ARC = YES;
				CLANG_ENABLE_OBJC_WEAK = YES;
				CLANG_WARN_BLOCK_CAPTURE_AUTORELEASING = YES;
				CLANG_WARN_BOOL_CONVERSION = YES;
				CLANG_WARN_COMMA = YES;
				CLANG_WARN_CONSTANT_CONVERSION = YES;
				CLANG_WARN_DEPRECATED_OBJC_IMPLEMENTATIONS = YES;
				CLANG_WARN_DIRECT_OBJC_ISA_USAGE = YES_ERROR;
				CLANG_WARN_DOCUMENTATION_COMMENTS = YES;
				CLANG_WARN_EMPTY_BODY = YES;
				CLANG_WARN_ENUM_CONVERSION = YES;
				CLANG_WARN_INFINITE_RECURSION = YES;
				CLANG_WARN_INT_CONVERSION = YES;
				CLANG_WARN_NON_LITERAL_NULL_CONVERSION = YES;
				CLANG_WARN_OBJC_IMPLICIT_RETAIN_SELF = YES;
				CLANG_WARN_OBJC_LITERAL_CONVERSION = YES;
				CLANG_WARN_OBJC_ROOT_CLASS = YES_ERROR;
				CLANG_WARN_QUOTED_INCLUDE_IN_FRAMEWORK_HEADER = YES;
				CLANG_WARN_RANGE_LOOP_ANALYSIS = YES;
				CLANG_WARN_STRICT_PROTOTYPES = YES;
				CLANG_WARN_SUSPICIOUS_MOVE = YES;
				CLANG_WARN_UNGUARDED_AVAILABILITY = YES_AGGRESSIVE;
				CLANG_WARN_UNREACHABLE_CODE = YES;
				CLANG_WARN__DUPLICATE_METHOD_MATCH = YES;
				COPY_PHASE_STRIP = NO;
				DEBUG_INFORMATION_FORMAT = dwarf;
				ENABLE_STRICT_OBJC_MSGSEND = YES;
				ENABLE_TESTABILITY = YES;
				GCC_C_LANGUAGE_STANDARD = gnu11;
				GCC_DYNAMIC_NO_PIC = NO;
				GCC_NO_COMMON_BLOCKS = YES;
				GCC_OPTIMIZATION_LEVEL = 0;
				GCC_PREPROCESSOR_DEFINITIONS = (
					"DEBUG=1",
					"$(inherited)",
				);
				GCC_WARN_64_TO_32_BIT_CONVERSION = YES;
				GCC_WARN_ABOUT_RETURN_TYPE = YES_ERROR;
				GCC_WARN_UNDECLARED_SELECTOR = YES;
				GCC_WARN_UNINITIALIZED_AUTOS = YES_AGGRESSIVE;
				GCC_WARN_UNUSED_FUNCTION = YES;
				GCC_WARN_UNUSED_VARIABLE = YES;
				MACOSX_DEPLOYMENT_TARGET = 11.5;
				MTL_ENABLE_DEBUG_INFO = INCLUDE_SOURCE;
				MTL_FAST_MATH = YES;
				ONLY_ACTIVE_ARCH = YES;
				SDKROOT = macosx;
			};
			name = Debug;
		};
		15A99AB02817374C00BED189 /* Release */ = {
			isa = XCBuildConfiguration;
			buildSettings = {
				ALWAYS_SEARCH_USER_PATHS = NO;
				CLANG_ANALYZER_NONNULL = YES;
				CLANG_ANALYZER_NUMBER_OBJECT_CONVERSION = YES_AGGRESSIVE;
				CLANG_CXX_LANGUAGE_STANDARD = "gnu++17";
				CLANG_CXX_LIBRARY = "libc++";
				CLANG_ENABLE_MODULES = YES;
				CLANG_ENABLE_OBJC_ARC = YES;
				CLANG_ENABLE_OBJC_WEAK = YES;
				CLANG_WARN_BLOCK_CAPTURE_AUTORELEASING = YES;
				CLANG_WARN_BOOL_CONVERSION = YES;
				CLANG_WARN_COMMA = YES;
				CLANG_WARN_CONSTANT_CONVERSION = YES;
				CLANG_WARN_DEPRECATED_OBJC_IMPLEMENTATIONS = YES;
				CLANG_WARN_DIRECT_OBJC_ISA_USAGE = YES_ERROR;
				CLANG_WARN_DOCUMENTATION_COMMENTS = YES;
				CLANG_WARN_EMPTY_BODY = YES;
				CLANG_WARN_ENUM_CONVERSION = YES;
				CLANG_WARN_INFINITE_RECURSION = YES;
				CLANG_WARN_INT_CONVERSION = YES;
				CLANG_WARN_NON_LITERAL_NULL_CONVERSION = YES;
				CLANG_WARN_OBJC_IMPLICIT_RETAIN_SELF = YES;
				CLANG_WARN_OBJC_LITERAL_CONVERSION = YES;
				CLANG_WARN_OBJC_ROOT_CLASS = YES_ERROR;
				CLANG_WARN_QUOTED_INCLUDE_IN_FRAMEWORK_HEADER = YES;
				CLANG_WARN_RANGE_LOOP_ANALYSIS = YES;
				CLANG_WARN_STRICT_PROTOTYPES = YES;
				CLANG_WARN_SUSPICIOUS_MOVE = YES;
				CLANG_WARN_UNGUARDED_AVAILABILITY = YES_AGGRESSIVE;
				CLANG_WARN_UNREACHABLE_CODE = YES;
				CLANG_WARN__DUPLICATE_METHOD_MATCH = YES;
				COPY_PHASE_STRIP = NO;
				DEBUG_INFORMATION_FORMAT = "dwarf-with-dsym";
				ENABLE_NS_ASSERTIONS = NO;
				ENABLE_STRICT_OBJC_MSGSEND = YES;
				GCC_C_LANGUAGE_STANDARD = gnu11;
				GCC_NO_COMMON_BLOCKS = YES;
				GCC_WARN_64_TO_32_BIT_CONVERSION = YES;
				GCC_WARN_ABOUT_RETURN_TYPE = YES_ERROR;
				GCC_WARN_UNDECLARED_SELECTOR = YES;
				GCC_WARN_UNINITIALIZED_AUTOS = YES_AGGRESSIVE;
				GCC_WARN_UNUSED_FUNCTION = YES;
				GCC_WARN_UNUSED_VARIABLE = YES;
				MACOSX_DEPLOYMENT_TARGET = 11.5;
				MTL_ENABLE_DEBUG_INFO = NO;
				MTL_FAST_MATH = YES;
				SDKROOT = macosx;
			};
			name = Release;
		};
		15A99AB22817374C00BED189 /* Debug */ = {
			isa = XCBuildConfiguration;
			buildSettings = {
				CODE_SIGN_STYLE = Automatic;
				DEVELOPMENT_TEAM = HB3Y3LN7J8;
				ENABLE_HARDENED_RUNTIME = YES;
				PRODUCT_NAME = "$(TARGET_NAME)";
			};
			name = Debug;
		};
		15A99AB32817374C00BED189 /* Release */ = {
			isa = XCBuildConfiguration;
			buildSettings = {
				CODE_SIGN_STYLE = Automatic;
				DEVELOPMENT_TEAM = HB3Y3LN7J8;
				ENABLE_HARDENED_RUNTIME = YES;
				PRODUCT_NAME = "$(TARGET_NAME)";
			};
			name = Release;
		};
/* End XCBuildConfiguration section */

/* Begin XCConfigurationList section */
		15A99AA52817374C00BED189 /* Build configuration list for PBXProject "Inheritence" */ = {
			isa = XCConfigurationList;
			buildConfigurations = (
				15A99AAF2817374C00BED189 /* Debug */,
				15A99AB02817374C00BED189 /* Release */,
			);
			defaultConfigurationIsVisible = 0;
			defaultConfigurationName = Release;
		};
		15A99AB12817374C00BED189 /* Build configuration list for PBXNativeTarget "Inheritence" */ = {
			isa = XCConfigurationList;
			buildConfigurations = (
				15A99AB22817374C00BED189 /* Debug */,
				15A99AB32817374C00BED189 /* Release */,
			);
			defaultConfigurationIsVisible = 0;
			defaultConfigurationName = Release;
		};
/* End XCConfigurationList section */
	};
	rootObject = 15A99AA22817374C00BED189 /* Project object */;
}
